<?xml version="1.0" encoding="utf-8"?>
<Project ToolsVersion="4.0" xmlns="http://schemas.microsoft.com/developer/msbuild/2003">
  <ItemGroup>
    <Filter Include="00. MainApp">
      <UniqueIdentifier>{54072560-0ca5-4dc0-8256-18cb96e858e8}</UniqueIdentifier>
    </Filter>
    <Filter Include="99. Etc">
      <UniqueIdentifier>{2ad4fe67-d505-4a9a-94a4-e1f6784bdc9e}</UniqueIdentifier>
    </Filter>
    <Filter Include="01. Scene">
      <UniqueIdentifier>{daf89680-9697-4e5e-bd4e-7436051cfbbf}</UniqueIdentifier>
    </Filter>
    <Filter Include="01. Scene\00. Logo">
      <UniqueIdentifier>{06dc1b76-8beb-4d64-8e1c-41231208a3d9}</UniqueIdentifier>
    </Filter>
    <Filter Include="01. Scene\01. Stage">
      <UniqueIdentifier>{4a6f84dc-73b6-43fb-80a1-6b14c92a3ca7}</UniqueIdentifier>
    </Filter>
    <Filter Include="02. GameObject">
      <UniqueIdentifier>{9c45403b-7aaa-4a2a-b325-b8d24758c2f4}</UniqueIdentifier>
    </Filter>
    <Filter Include="02. GameObject\00. BackGround">
      <UniqueIdentifier>{82461e52-4280-4c90-94fb-6fb6e85c9d17}</UniqueIdentifier>
    </Filter>
    <Filter Include="02. GameObject\01. Player">
      <UniqueIdentifier>{20823db4-7296-49fd-9b7e-f63ac149528c}</UniqueIdentifier>
    </Filter>
    <Filter Include="02. GameObject\02. Monster">
      <UniqueIdentifier>{acc0d059-900d-4485-8f0e-b7cd0bbc5293}</UniqueIdentifier>
    </Filter>
    <Filter Include="02. GameObject\03. Terrain">
      <UniqueIdentifier>{cd4f1474-ab3d-4e8e-bef4-881d3d8ee9ff}</UniqueIdentifier>
    </Filter>
    <Filter Include="02. GameObject\04. UI">
      <UniqueIdentifier>{1dc885c6-a95a-455c-8051-f205df8fbfa5}</UniqueIdentifier>
    </Filter>
    <Filter Include="01. Scene\02. Tutorial">
      <UniqueIdentifier>{0e1d666b-e575-4957-831a-f9e9b3db20d9}</UniqueIdentifier>
    </Filter>
    <Filter Include="03. Loading">
      <UniqueIdentifier>{ed736470-011d-4888-aca8-d5b2a2e61918}</UniqueIdentifier>
    </Filter>
    <Filter Include="02. GameObject\05. SkyBox">
      <UniqueIdentifier>{8bc25a65-3bb6-49f6-93e1-39ceab443d6d}</UniqueIdentifier>
    </Filter>
    <Filter Include="02. GameObject\08. OnEventObj">
      <UniqueIdentifier>{5e6f6c92-efcf-45c8-8d3c-d9e24f26adcf}</UniqueIdentifier>
    </Filter>
    <Filter Include="02. GameObject\07. AttackableObj">
      <UniqueIdentifier>{fb822bd7-6e50-41e8-8d72-312b15b14032}</UniqueIdentifier>
    </Filter>
    <Filter Include="02. GameObject\09. EnvironmentObj">
      <UniqueIdentifier>{895afe5f-b291-4bac-9ef6-7355f543f756}</UniqueIdentifier>
    </Filter>
    <Filter Include="02. GameObject\09. EnvironmentObj\00. NearReactObj">
      <UniqueIdentifier>{8a6196fd-5402-4513-8f05-b924c7e1afe7}</UniqueIdentifier>
    </Filter>
    <Filter Include="02. GameObject\06. FieldObj">
      <UniqueIdentifier>{d365d323-3a2d-42dc-8129-6778d466e7e7}</UniqueIdentifier>
    </Filter>
    <Filter Include="02. GameObject\06. FieldObj\00. PushableObj">
      <UniqueIdentifier>{d8497950-60df-4f33-b57d-0c6d54907061}</UniqueIdentifier>
    </Filter>
    <Filter Include="02. GameObject\06. FieldObj\00. PushableObj\00. Stone">
      <UniqueIdentifier>{7226a995-e819-4ebe-875b-411c95eea3e5}</UniqueIdentifier>
    </Filter>
    <Filter Include="02. GameObject\06. FieldObj\01. GrabbableObj">
      <UniqueIdentifier>{e77b86f2-c4c8-4bcd-85a9-8b50fd5f02ee}</UniqueIdentifier>
    </Filter>
    <Filter Include="02. GameObject\06. FieldObj\02. BenchObj">
      <UniqueIdentifier>{37266a86-5e6d-4239-868a-4995d80878e7}</UniqueIdentifier>
    </Filter>
    <Filter Include="02. GameObject\09. EnvironmentObj\00. NearReactObj\00. NearReactMoonObj">
      <UniqueIdentifier>{1ee59d1e-0327-46c5-9636-6dedafcb2f72}</UniqueIdentifier>
    </Filter>
    <Filter Include="02. GameObject\10. Boss">
      <UniqueIdentifier>{1ec18c12-8a76-4d82-9d5d-f15ea6a367bb}</UniqueIdentifier>
    </Filter>
    <Filter Include="02. GameObject\10. Boss\00. SunGolem">
      <UniqueIdentifier>{7d0b66cf-ad05-47df-ab11-644dd3235276}</UniqueIdentifier>
    </Filter>
    <Filter Include="02. GameObject\10. Boss\00. SunGolem\00. Arm">
      <UniqueIdentifier>{c96512d7-1ca4-4719-abbd-5b4edcef7ed3}</UniqueIdentifier>
    </Filter>
    <Filter Include="02. GameObject\10. Boss\00. SunGolem\02. Head">
      <UniqueIdentifier>{72792338-a1c3-4f6a-b97b-8b6d8a4039a5}</UniqueIdentifier>
    </Filter>
    <Filter Include="02. GameObject\10. Boss\00. SunGolem\03. UpperJaw">
      <UniqueIdentifier>{96d8e28a-e6c5-4808-bff1-678631f1312d}</UniqueIdentifier>
    </Filter>
    <Filter Include="02. GameObject\10. Boss\00. SunGolem\04. LowerJaw">
      <UniqueIdentifier>{62308a69-4aac-42e8-a2e5-22d6660b1f1f}</UniqueIdentifier>
    </Filter>
    <Filter Include="02. GameObject\10. Boss\00. SunGolem\01. Hand">
      <UniqueIdentifier>{b5b08609-5513-4b85-b49d-2425be3215e3}</UniqueIdentifier>
    </Filter>
    <Filter Include="02. GameObject\10. Boss\00. SunGolem\05. LeftLeg">
      <UniqueIdentifier>{5cd74ca6-5602-4cd8-859d-5c2efd4b9c18}</UniqueIdentifier>
    </Filter>
    <Filter Include="02. GameObject\10. Boss\00. SunGolem\06. RightLeg">
      <UniqueIdentifier>{bc18721d-c6da-4349-989c-17960e9abf66}</UniqueIdentifier>
    </Filter>
    <Filter Include="02. GameObject\10. Boss\00. SunGolem\07. Fist">
      <UniqueIdentifier>{7c0336cc-aa9d-4e51-b728-a551bddba04a}</UniqueIdentifier>
    </Filter>
  </ItemGroup>
  <ItemGroup>
    <ClInclude Include="..\Header\MainApp.h">
      <Filter>00. MainApp</Filter>
    </ClInclude>
    <ClInclude Include="..\Header\Logo.h">
      <Filter>01. Scene\00. Logo</Filter>
    </ClInclude>
    <ClInclude Include="..\Header\BackGround.h">
      <Filter>02. GameObject\00. BackGround</Filter>
    </ClInclude>
    <ClInclude Include="..\Header\Player.h">
      <Filter>02. GameObject\01. Player</Filter>
    </ClInclude>
    <ClInclude Include="..\Header\Monster.h">
      <Filter>02. GameObject\02. Monster</Filter>
    </ClInclude>
    <ClInclude Include="..\Header\Terrain.h">
      <Filter>02. GameObject\03. Terrain</Filter>
    </ClInclude>
    <ClInclude Include="..\Header\Stage.h">
      <Filter>01. Scene\01. Stage</Filter>
    </ClInclude>
    <ClInclude Include="..\Header\CUI.h">
      <Filter>02. GameObject\04. UI</Filter>
    </ClInclude>
    <ClInclude Include="Client.h">
      <Filter>99. Etc</Filter>
    </ClInclude>
    <ClInclude Include="Resource.h">
      <Filter>99. Etc</Filter>
    </ClInclude>
    <ClInclude Include="stdafx.h">
      <Filter>99. Etc</Filter>
    </ClInclude>
    <ClInclude Include="targetver.h">
      <Filter>99. Etc</Filter>
    </ClInclude>
    <ClInclude Include="..\Header\SkyBox.h">
      <Filter>02. GameObject\05. SkyBox</Filter>
    </ClInclude>
    <ClInclude Include="..\Header\Player_State.h" />
    <ClInclude Include="..\Header\Player_State_Hit.h" />
    <ClInclude Include="..\Header\Player_State_Idle.h" />
    <ClInclude Include="..\Header\Player_State_Jump.h" />
    <ClInclude Include="..\Header\Player_State_Lift.h" />
    <ClInclude Include="..\Header\Player_State_Push.h" />
    <ClInclude Include="..\Header\Player_State_Rolling.h" />
    <ClInclude Include="..\Header\Player_State_Run.h" />
    <ClInclude Include="..\Header\Player_State_Swing.h" />
    <ClInclude Include="..\Header\Player_State_Walk.h" />
    <ClInclude Include="..\Header\Scene_Tool.h" />
    <ClInclude Include="..\Header\PushStone.h">
      <Filter>02. GameObject\06. FieldObj\00. PushableObj\00. Stone</Filter>
    </ClInclude>
    <ClInclude Include="..\Header\AttackableObj.h">
      <Filter>02. GameObject\07. AttackableObj</Filter>
    </ClInclude>
    <ClInclude Include="..\Header\PushableObj.h">
      <Filter>02. GameObject\06. FieldObj\00. PushableObj</Filter>
    </ClInclude>
    <ClInclude Include="..\Header\GrabbableObj.h">
      <Filter>02. GameObject\06. FieldObj\01. GrabbableObj</Filter>
    </ClInclude>
    <ClInclude Include="..\Header\OnEventObj.h">
      <Filter>02. GameObject\08. OnEventObj</Filter>
    </ClInclude>
    <ClInclude Include="..\Header\BenchObj.h">
      <Filter>02. GameObject\06. FieldObj\02. BenchObj</Filter>
    </ClInclude>
    <ClInclude Include="..\Header\NearReactObj.h">
      <Filter>02. GameObject\09. EnvironmentObj\00. NearReactObj</Filter>
    </ClInclude>
    <ClInclude Include="..\Header\BlueBeatle.h">
      <Filter>02. GameObject</Filter>
    </ClInclude>
    <ClInclude Include="..\Header\FieldObject.h">
      <Filter>02. GameObject\06. FieldObj</Filter>
    </ClInclude>
    <ClInclude Include="..\Header\Player_State_Down.h" />
    <ClInclude Include="..\Header\Player_State_GameOver.h" />
    <ClInclude Include="..\Header\TrashBig.h" />
    <ClInclude Include="..\Header\NearReactMoonObj.h">
      <Filter>02. GameObject\09. EnvironmentObj\00. NearReactObj\00. NearReactMoonObj</Filter>
    </ClInclude>
    <ClInclude Include="..\Header\SunGollem.h">
      <Filter>02. GameObject\10. Boss\00. SunGolem</Filter>
    </ClInclude>
    <ClInclude Include="..\Header\GolemHead.h">
      <Filter>02. GameObject\10. Boss\00. SunGolem\02. Head</Filter>
    </ClInclude>
    <ClInclude Include="..\Header\DesertRhino.h" />
    <ClInclude Include="..\Header\Player_State_BallonFly.h" />
    <ClInclude Include="..\Header\Player_State_Drawing.h" />
    <ClInclude Include="..\Header\Player_State_GetItem.h" />
    <ClInclude Include="..\Header\GolemUpperJaw.h">
      <Filter>02. GameObject\10. Boss\00. SunGolem\03. UpperJaw</Filter>
    </ClInclude>
    <ClInclude Include="..\Header\GolemLowerJaw.h">
      <Filter>02. GameObject\10. Boss\00. SunGolem\04. LowerJaw</Filter>
    </ClInclude>
    <ClInclude Include="..\Header\GolemParts.h">
      <Filter>02. GameObject\10. Boss\00. SunGolem</Filter>
    </ClInclude>
    <ClInclude Include="..\Header\GolemLeftLeg.h">
      <Filter>02. GameObject\10. Boss\00. SunGolem\05. LeftLeg</Filter>
    </ClInclude>
    <ClInclude Include="..\Header\GolemRightLeg.h">
      <Filter>02. GameObject\10. Boss\00. SunGolem\06. RightLeg</Filter>
    </ClInclude>
    <ClInclude Include="..\Header\GolemLeftArm.h">
      <Filter>02. GameObject\10. Boss\00. SunGolem\00. Arm</Filter>
    </ClInclude>
    <ClInclude Include="..\Header\GolemRightArm.h">
      <Filter>02. GameObject\10. Boss\00. SunGolem\00. Arm</Filter>
    </ClInclude>
    <ClInclude Include="..\Header\GolemLeftHand.h">
      <Filter>02. GameObject\10. Boss\00. SunGolem\01. Hand</Filter>
    </ClInclude>
    <ClInclude Include="..\Header\GolemRightHand.h">
      <Filter>02. GameObject\10. Boss\00. SunGolem\01. Hand</Filter>
    </ClInclude>
  </ItemGroup>
  <ItemGroup>
    <ClCompile Include="..\Code\MainApp.cpp">
      <Filter>00. MainApp</Filter>
    </ClCompile>
    <ClCompile Include="..\Code\Logo.cpp">
      <Filter>01. Scene\00. Logo</Filter>
    </ClCompile>
    <ClCompile Include="..\Code\BackGround.cpp">
      <Filter>02. GameObject\00. BackGround</Filter>
    </ClCompile>
    <ClCompile Include="..\Code\Player.cpp">
      <Filter>02. GameObject\01. Player</Filter>
    </ClCompile>
    <ClCompile Include="..\Code\Monster.cpp">
      <Filter>02. GameObject\02. Monster</Filter>
    </ClCompile>
    <ClCompile Include="..\Code\Terrain.cpp">
      <Filter>02. GameObject\03. Terrain</Filter>
    </ClCompile>
    <ClCompile Include="..\Code\Stage.cpp">
      <Filter>01. Scene\01. Stage</Filter>
    </ClCompile>
    <ClCompile Include="..\Code\CUI.cpp">
      <Filter>02. GameObject\04. UI</Filter>
    </ClCompile>
    <ClCompile Include="stdafx.cpp">
      <Filter>99. Etc</Filter>
    </ClCompile>
    <ClCompile Include="Client.cpp" />
    <ClCompile Include="..\Code\SkyBox.cpp">
      <Filter>02. GameObject\05. SkyBox</Filter>
    </ClCompile>
    <ClCompile Include="..\Code\Player_State.cpp" />
    <ClCompile Include="..\Code\Player_State_Hit.cpp" />
    <ClCompile Include="..\Code\Player_State_Idle.cpp" />
    <ClCompile Include="..\Code\Player_State_Jump.cpp" />
    <ClCompile Include="..\Code\Player_State_Lift.cpp" />
    <ClCompile Include="..\Code\Player_State_Push.cpp" />
    <ClCompile Include="..\Code\Player_State_Rolling.cpp" />
    <ClCompile Include="..\Code\Player_State_Run.cpp" />
    <ClCompile Include="..\Code\Player_State_Swing.cpp" />
    <ClCompile Include="..\Code\Player_State_Walk.cpp" />
    <ClCompile Include="Scene_Tool.cpp" />
    <ClCompile Include="..\Code\PushStone.cpp">
      <Filter>02. GameObject\06. FieldObj\00. PushableObj\00. Stone</Filter>
    </ClCompile>
    <ClCompile Include="..\Code\AttackableObj.cpp">
      <Filter>02. GameObject\07. AttackableObj</Filter>
    </ClCompile>
    <ClCompile Include="..\Code\PushableObj.cpp">
      <Filter>02. GameObject\06. FieldObj\00. PushableObj</Filter>
    </ClCompile>
    <ClCompile Include="..\Code\GrabbableObj.cpp">
      <Filter>02. GameObject\06. FieldObj\01. GrabbableObj</Filter>
    </ClCompile>
    <ClCompile Include="..\Code\OnEventObj.cpp">
      <Filter>02. GameObject\08. OnEventObj</Filter>
    </ClCompile>
    <ClCompile Include="..\Code\BenchObj.cpp">
      <Filter>02. GameObject\06. FieldObj\02. BenchObj</Filter>
    </ClCompile>
    <ClCompile Include="..\Code\NearReactObj.cpp">
      <Filter>02. GameObject\09. EnvironmentObj\00. NearReactObj</Filter>
    </ClCompile>
    <ClCompile Include="..\Code\BlueBeatle.cpp">
      <Filter>02. GameObject</Filter>
    </ClCompile>
    <ClCompile Include="..\Code\FieldObject.cpp">
      <Filter>02. GameObject\06. FieldObj</Filter>
    </ClCompile>
    <ClCompile Include="..\Code\Player_State_Down.cpp" />
    <ClCompile Include="..\Code\Player_State_GameOver.cpp" />
    <ClCompile Include="..\Code\TrashBig.cpp" />
    <ClCompile Include="..\Code\NearReactMoonObj.cpp">
      <Filter>02. GameObject\09. EnvironmentObj\00. NearReactObj\00. NearReactMoonObj</Filter>
    </ClCompile>
    <ClCompile Include="..\Code\SunGollem.cpp">
      <Filter>02. GameObject\10. Boss\00. SunGolem</Filter>
    </ClCompile>
    <ClCompile Include="..\Code\GolemHead.cpp">
      <Filter>02. GameObject\10. Boss\00. SunGolem\02. Head</Filter>
    </ClCompile>
    <ClCompile Include="..\Code\DesertRhino.cpp" />
    <ClCompile Include="..\Code\Player_State_BallonFly.cpp" />
    <ClCompile Include="..\Code\Player_State_Drawing.cpp" />
    <ClCompile Include="..\Code\Player_State_GetItem.cpp" />
    <ClCompile Include="..\Code\GolemUpperJaw.cpp">
      <Filter>02. GameObject\10. Boss\00. SunGolem\03. UpperJaw</Filter>
    </ClCompile>
    <ClCompile Include="..\Code\GolemLowerJaw.cpp">
      <Filter>02. GameObject\10. Boss\00. SunGolem\04. LowerJaw</Filter>
    </ClCompile>
    <ClCompile Include="..\Code\GolemLeftLeg.cpp">
      <Filter>02. GameObject\10. Boss\00. SunGolem\05. LeftLeg</Filter>
    </ClCompile>
    <ClCompile Include="..\Code\GolemRightLeg.cpp">
      <Filter>02. GameObject\10. Boss\00. SunGolem\06. RightLeg</Filter>
    </ClCompile>
    <ClCompile Include="..\Code\GolemLeftArm.cpp">
      <Filter>02. GameObject\10. Boss\00. SunGolem\00. Arm</Filter>
    </ClCompile>
    <ClCompile Include="..\Code\GolemRightArm.cpp">
      <Filter>02. GameObject\10. Boss\00. SunGolem\00. Arm</Filter>
    </ClCompile>
    <ClCompile Include="..\Code\GolemLeftHand.cpp">
      <Filter>02. GameObject\10. Boss\00. SunGolem\01. Hand</Filter>
    </ClCompile>
    <ClCompile Include="..\Code\GolemRightHand.cpp">
      <Filter>02. GameObject\10. Boss\00. SunGolem\01. Hand</Filter>
    </ClCompile>
  </ItemGroup>
  <ItemGroup>
    <Image Include="Client.ico">
      <Filter>99. Etc</Filter>
    </Image>
    <Image Include="small.ico">
      <Filter>99. Etc</Filter>
    </Image>
  </ItemGroup>
  <ItemGroup>
    <ResourceCompile Include="Client.rc">
      <Filter>99. Etc</Filter>
    </ResourceCompile>
  </ItemGroup>
  <ItemGroup>
    <Text Include="ReadMe.txt">
      <Filter>99. Etc</Filter>
    </Text>
  </ItemGroup>
</Project>